
Microsoft Visual Studio Solution File, Format Version 12.00
# Visual Studio 14
VisualStudioVersion = 14.0.25420.1
MinimumVisualStudioVersion = 10.0.40219.1
Project("{FAE04EC0-301F-11D3-BF4B-00C04F79EFBC}") = "AspNetMVC", "AspNetMVC\AspNetMVC.csproj", "{3B892EF0-3DC8-4D5E-B2DF-264D755D48B8}"
EndProject
Project("{FAE04EC0-301F-11D3-BF4B-00C04F79EFBC}") = "BusinessLayer", "BusinessLayer\BusinessLayer.csproj", "{93FFF3D1-456D-4274-B4CE-165B19D4C027}"
EndProject
Project("{FAE04EC0-301F-11D3-BF4B-00C04F79EFBC}") = "Domain", "Domain\Domain.csproj", "{70704790-CBD2-4D66-8F4F-F8B0289F1308}"
EndProject
Project("{FAE04EC0-301F-11D3-BF4B-00C04F79EFBC}") = "DataAccessLayer", "DataAccessLayer\DataAccessLayer.csproj", "{511A0406-C31D-421B-A2BA-0BAEED4B37E6}"
EndProject
Project("{FAE04EC0-301F-11D3-BF4B-00C04F79EFBC}") = "BusinessLayerTests", "BusinessLayerTests\BusinessLayerTests.csproj", "{62299B75-C2BC-4F9E-A1BE-C94EEB3CEE30}"
EndProject
Global
	GlobalSection(SolutionConfigurationPlatforms) = preSolution
		Debug|Any CPU = Debug|Any CPU
		Release|Any CPU = Release|Any CPU
	EndGlobalSection
	GlobalSection(ProjectConfigurationPlatforms) = postSolution
		{3B892EF0-3DC8-4D5E-B2DF-264D755D48B8}.Debug|Any CPU.ActiveCfg = Debug|Any CPU
		{3B892EF0-3DC8-4D5E-B2DF-264D755D48B8}.Debug|Any CPU.Build.0 = Debug|Any CPU
		{3B892EF0-3DC8-4D5E-B2DF-264D755D48B8}.Release|Any CPU.ActiveCfg = Release|Any CPU
		{3B892EF0-3DC8-4D5E-B2DF-264D755D48B8}.Release|Any CPU.Build.0 = Release|Any CPU
		{93FFF3D1-456D-4274-B4CE-165B19D4C027}.Debug|Any CPU.ActiveCfg = Debug|Any CPU
		{93FFF3D1-456D-4274-B4CE-165B19D4C027}.Debug|Any CPU.Build.0 = Debug|Any CPU
		{93FFF3D1-456D-4274-B4CE-165B19D4C027}.Release|Any CPU.ActiveCfg = Release|Any CPU
		{93FFF3D1-456D-4274-B4CE-165B19D4C027}.Release|Any CPU.Build.0 = Release|Any CPU
		{70704790-CBD2-4D66-8F4F-F8B0289F1308}.Debug|Any CPU.ActiveCfg = Debug|Any CPU
		{70704790-CBD2-4D66-8F4F-F8B0289F1308}.Debug|Any CPU.Build.0 = Debug|Any CPU
		{70704790-CBD2-4D66-8F4F-F8B0289F1308}.Release|Any CPU.ActiveCfg = Release|Any CPU
		{70704790-CBD2-4D66-8F4F-F8B0289F1308}.Release|Any CPU.Build.0 = Release|Any CPU
		{511A0406-C31D-421B-A2BA-0BAEED4B37E6}.Debug|Any CPU.ActiveCfg = Debug|Any CPU
		{511A0406-C31D-421B-A2BA-0BAEED4B37E6}.Debug|Any CPU.Build.0 = Debug|Any CPU
		{511A0406-C31D-421B-A2BA-0BAEED4B37E6}.Release|Any CPU.ActiveCfg = Release|Any CPU
		{511A0406-C31D-421B-A2BA-0BAEED4B37E6}.Release|Any CPU.Build.0 = Release|Any CPU
		{62299B75-C2BC-4F9E-A1BE-C94EEB3CEE30}.Debug|Any CPU.ActiveCfg = Debug|Any CPU
		{62299B75-C2BC-4F9E-A1BE-C94EEB3CEE30}.Debug|Any CPU.Build.0 = Debug|Any CPU
		{62299B75-C2BC-4F9E-A1BE-C94EEB3CEE30}.Release|Any CPU.ActiveCfg = Release|Any CPU
		{62299B75-C2BC-4F9E-A1BE-C94EEB3CEE30}.Release|Any CPU.Build.0 = Release|Any CPU
	EndGlobalSection
	GlobalSection(SolutionProperties) = preSolution
		HideSolutionNode = FALSE
	EndGlobalSection
EndGlobal
